
Microsoft Visual Studio Solution File, Format Version 12.00
# Visual Studio Version 17
VisualStudioVersion = 17.3.32811.315
MinimumVisualStudioVersion = 10.0.40219.1
Project("{FAE04EC0-301F-11D3-BF4B-00C04F79EFBC}") = "OrcamentosAPI", "OrcamentosAPI\OrcamentosAPI.csproj", "{5DB52087-A5CC-403A-83D8-14E8B50CE446}"
EndProject
Global
	GlobalSection(SolutionConfigurationPlatforms) = preSolution
		Debug|Any CPU = Debug|Any CPU
		Release|Any CPU = Release|Any CPU
	EndGlobalSection
	GlobalSection(ProjectConfigurationPlatforms) = postSolution
		{5DB52087-A5CC-403A-83D8-14E8B50CE446}.Debug|Any CPU.ActiveCfg = Debug|Any CPU
		{5DB52087-A5CC-403A-83D8-14E8B50CE446}.Debug|Any CPU.Build.0 = Debug|Any CPU
		{5DB52087-A5CC-403A-83D8-14E8B50CE446}.Release|Any CPU.ActiveCfg = Release|Any CPU
		{5DB52087-A5CC-403A-83D8-14E8B50CE446}.Release|Any CPU.Build.0 = Release|Any CPU
	EndGlobalSection
	GlobalSection(SolutionProperties) = preSolution
		HideSolutionNode = FALSE
	EndGlobalSection
	GlobalSection(ExtensibilityGlobals) = postSolution
		SolutionGuid = {D14BACA8-E925-4CB0-A7DD-C4DBC99EBD7A}
	EndGlobalSection
EndGlobal
